
Microsoft Visual Studio Solution File, Format Version 12.00
# Visual Studio Version 17
VisualStudioVersion = 17.0.31903.59
MinimumVisualStudioVersion = 10.0.40219.1
Project("{2150E333-8FDC-42A3-9474-1A3956D46DE8}") = "backend", "backend", "{1AE8ACA6-933B-BF2A-3671-3E2EAC007D16}"
EndProject
Project("{FAE04EC0-301F-11D3-BF4B-00C04F79EFBC}") = "WongaApi", "backend\WongaApi\WongaApi.csproj", "{45000CB7-6AAA-44E6-9514-ED1E5B312298}"
EndProject
Project("{FAE04EC0-301F-11D3-BF4B-00C04F79EFBC}") = "WongaApi.Tests", "WongaApi.Tests\WongaApi.Tests.csproj", "{382D8177-E3C4-43A4-AA88-7DB090C2E769}"
EndProject
Global
	GlobalSection(SolutionConfigurationPlatforms) = preSolution
		Debug|Any CPU = Debug|Any CPU
		Debug|x64 = Debug|x64
		Debug|x86 = Debug|x86
		Release|Any CPU = Release|Any CPU
		Release|x64 = Release|x64
		Release|x86 = Release|x86
	EndGlobalSection
	GlobalSection(ProjectConfigurationPlatforms) = postSolution
		{45000CB7-6AAA-44E6-9514-ED1E5B312298}.Debug|Any CPU.ActiveCfg = Debug|Any CPU
		{45000CB7-6AAA-44E6-9514-ED1E5B312298}.Debug|Any CPU.Build.0 = Debug|Any CPU
		{45000CB7-6AAA-44E6-9514-ED1E5B312298}.Debug|x64.ActiveCfg = Debug|Any CPU
		{45000CB7-6AAA-44E6-9514-ED1E5B312298}.Debug|x64.Build.0 = Debug|Any CPU
		{45000CB7-6AAA-44E6-9514-ED1E5B312298}.Debug|x86.ActiveCfg = Debug|Any CPU
		{45000CB7-6AAA-44E6-9514-ED1E5B312298}.Debug|x86.Build.0 = Debug|Any CPU
		{45000CB7-6AAA-44E6-9514-ED1E5B312298}.Release|Any CPU.ActiveCfg = Release|Any CPU
		{45000CB7-6AAA-44E6-9514-ED1E5B312298}.Release|Any CPU.Build.0 = Release|Any CPU
		{45000CB7-6AAA-44E6-9514-ED1E5B312298}.Release|x64.ActiveCfg = Release|Any CPU
		{45000CB7-6AAA-44E6-9514-ED1E5B312298}.Release|x64.Build.0 = Release|Any CPU
		{45000CB7-6AAA-44E6-9514-ED1E5B312298}.Release|x86.ActiveCfg = Release|Any CPU
		{45000CB7-6AAA-44E6-9514-ED1E5B312298}.Release|x86.Build.0 = Release|Any CPU
		{382D8177-E3C4-43A4-AA88-7DB090C2E769}.Debug|Any CPU.ActiveCfg = Debug|Any CPU
		{382D8177-E3C4-43A4-AA88-7DB090C2E769}.Debug|Any CPU.Build.0 = Debug|Any CPU
		{382D8177-E3C4-43A4-AA88-7DB090C2E769}.Debug|x64.ActiveCfg = Debug|Any CPU
		{382D8177-E3C4-43A4-AA88-7DB090C2E769}.Debug|x64.Build.0 = Debug|Any CPU
		{382D8177-E3C4-43A4-AA88-7DB090C2E769}.Debug|x86.ActiveCfg = Debug|Any CPU
		{382D8177-E3C4-43A4-AA88-7DB090C2E769}.Debug|x86.Build.0 = Debug|Any CPU
		{382D8177-E3C4-43A4-AA88-7DB090C2E769}.Release|Any CPU.ActiveCfg = Release|Any CPU
		{382D8177-E3C4-43A4-AA88-7DB090C2E769}.Release|Any CPU.Build.0 = Release|Any CPU
		{382D8177-E3C4-43A4-AA88-7DB090C2E769}.Release|x64.ActiveCfg = Release|Any CPU
		{382D8177-E3C4-43A4-AA88-7DB090C2E769}.Release|x64.Build.0 = Release|Any CPU
		{382D8177-E3C4-43A4-AA88-7DB090C2E769}.Release|x86.ActiveCfg = Release|Any CPU
		{382D8177-E3C4-43A4-AA88-7DB090C2E769}.Release|x86.Build.0 = Release|Any CPU
	EndGlobalSection
	GlobalSection(SolutionProperties) = preSolution
		HideSolutionNode = FALSE
	EndGlobalSection
	GlobalSection(NestedProjects) = preSolution
		{45000CB7-6AAA-44E6-9514-ED1E5B312298} = {1AE8ACA6-933B-BF2A-3671-3E2EAC007D16}
	EndGlobalSection
EndGlobal
